// !$*UTF8*$!
{
	archiveVersion = 1;
	classes = {
	};
	objectVersion = 46;
	objects = {

/* Begin PBXBuildFile section */
		CF5249781C894F09004DAB0E /* AppDelegate.swift in Sources */ = {isa = PBXBuildFile; fileRef = CF5249771C894F09004DAB0E /* AppDelegate.swift */; };
		CF52497A1C894F09004DAB0E /* ViewController.swift in Sources */ = {isa = PBXBuildFile; fileRef = CF5249791C894F09004DAB0E /* ViewController.swift */; };
		CF52497D1C894F09004DAB0E /* Main.storyboard in Resources */ = {isa = PBXBuildFile; fileRef = CF52497B1C894F09004DAB0E /* Main.storyboard */; };
		CF52497F1C894F09004DAB0E /* Assets.xcassets in Resources */ = {isa = PBXBuildFile; fileRef = CF52497E1C894F09004DAB0E /* Assets.xcassets */; };
		CF5249821C894F09004DAB0E /* LaunchScreen.storyboard in Resources */ = {isa = PBXBuildFile; fileRef = CF5249801C894F09004DAB0E /* LaunchScreen.storyboard */; };
		CF52498D1C894F0A004DAB0E /* Codepath_Week5_AssignmentTests.swift in Sources */ = {isa = PBXBuildFile; fileRef = CF52498C1C894F0A004DAB0E /* Codepath_Week5_AssignmentTests.swift */; };
		CF5249981C894F0A004DAB0E /* Codepath_Week5_AssignmentUITests.swift in Sources */ = {isa = PBXBuildFile; fileRef = CF5249971C894F0A004DAB0E /* Codepath_Week5_AssignmentUITests.swift */; };
/* End PBXBuildFile section */

/* Begin PBXContainerItemProxy section */
		CF5249891C894F0A004DAB0E /* PBXContainerItemProxy */ = {
			isa = PBXContainerItemProxy;
			containerPortal = CF52496C1C894F09004DAB0E /* Project object */;
			proxyType = 1;
			remoteGlobalIDString = CF5249731C894F09004DAB0E;
			remoteInfo = "Codepath-Week5-Assignment";
		};
		CF5249941C894F0A004DAB0E /* PBXContainerItemProxy */ = {
			isa = PBXContainerItemProxy;
			containerPortal = CF52496C1C894F09004DAB0E /* Project object */;
			proxyType = 1;
			remoteGlobalIDString = CF5249731C894F09004DAB0E;
			remoteInfo = "Codepath-Week5-Assignment";
		};
/* End PBXContainerItemProxy section */

/* Begin PBXFileReference section */
		CF5249741C894F09004DAB0E /* Codepath-Week5-Assignment.app */ = {isa = PBXFileReference; explicitFileType = wrapper.application; includeInIndex = 0; path = "Codepath-Week5-Assignment.app"; sourceTree = BUILT_PRODUCTS_DIR; };
		CF5249771C894F09004DAB0E /* AppDelegate.swift */ = {isa = PBXFileReference; lastKnownFileType = sourcecode.swift; path = AppDelegate.swift; sourceTree = "<group>"; };
		CF5249791C894F09004DAB0E /* ViewController.swift */ = {isa = PBXFileReference; lastKnownFileType = sourcecode.swift; path = ViewController.swift; sourceTree = "<group>"; };
		CF52497C1C894F09004DAB0E /* Base */ = {isa = PBXFileReference; lastKnownFileType = file.storyboard; name = Base; path = Base.lproj/Main.storyboard; sourceTree = "<group>"; };
		CF52497E1C894F09004DAB0E /* Assets.xcassets */ = {isa = PBXFileReference; lastKnownFileType = folder.assetcatalog; path = Assets.xcassets; sourceTree = "<group>"; };
		CF5249811C894F09004DAB0E /* Base */ = {isa = PBXFileReference; lastKnownFileType = file.storyboard; name = Base; path = Base.lproj/LaunchScreen.storyboard; sourceTree = "<group>"; };
		CF5249831C894F09004DAB0E /* Info.plist */ = {isa = PBXFileReference; lastKnownFileType = text.plist.xml; path = Info.plist; sourceTree = "<group>"; };
		CF5249881C894F0A004DAB0E /* Codepath-Week5-AssignmentTests.xctest */ = {isa = PBXFileReference; explicitFileType = wrapper.cfbundle; includeInIndex = 0; path = "Codepath-Week5-AssignmentTests.xctest"; sourceTree = BUILT_PRODUCTS_DIR; };
		CF52498C1C894F0A004DAB0E /* Codepath_Week5_AssignmentTests.swift */ = {isa = PBXFileReference; lastKnownFileType = sourcecode.swift; path = Codepath_Week5_AssignmentTests.swift; sourceTree = "<group>"; };
		CF52498E1C894F0A004DAB0E /* Info.plist */ = {isa = PBXFileReference; lastKnownFileType = text.plist.xml; path = Info.plist; sourceTree = "<group>"; };
		CF5249931C894F0A004DAB0E /* Codepath-Week5-AssignmentUITests.xctest */ = {isa = PBXFileReference; explicitFileType = wrapper.cfbundle; includeInIndex = 0; path = "Codepath-Week5-AssignmentUITests.xctest"; sourceTree = BUILT_PRODUCTS_DIR; };
		CF5249971C894F0A004DAB0E /* Codepath_Week5_AssignmentUITests.swift */ = {isa = PBXFileReference; lastKnownFileType = sourcecode.swift; path = Codepath_Week5_AssignmentUITests.swift; sourceTree = "<group>"; };
		CF5249991C894F0A004DAB0E /* Info.plist */ = {isa = PBXFileReference; lastKnownFileType = text.plist.xml; path = Info.plist; sourceTree = "<group>"; };
/* End PBXFileReference section */

/* Begin PBXFrameworksBuildPhase section */
		CF5249711C894F09004DAB0E /* Frameworks */ = {
			isa = PBXFrameworksBuildPhase;
			buildActionMask = 2147483647;
			files = (
			);
			runOnlyForDeploymentPostprocessing = 0;
		};
		CF5249851C894F0A004DAB0E /* Frameworks */ = {
			isa = PBXFrameworksBuildPhase;
			buildActionMask = 2147483647;
			files = (
			);
			runOnlyForDeploymentPostprocessing = 0;
		};
		CF5249901C894F0A004DAB0E /* Frameworks */ = {
			isa = PBXFrameworksBuildPhase;
			buildActionMask = 2147483647;
			files = (
			);
			runOnlyForDeploymentPostprocessing = 0;
		};
/* End PBXFrameworksBuildPhase section */

/* Begin PBXGroup section */
		CF52496B1C894F09004DAB0E = {
			isa = PBXGroup;
			children = (
				CF5249761C894F09004DAB0E /* Codepath-Week5-Assignment */,
				CF52498B1C894F0A004DAB0E /* Codepath-Week5-AssignmentTests */,
				CF5249961C894F0A004DAB0E /* Codepath-Week5-AssignmentUITests */,
				CF5249751C894F09004DAB0E /* Products */,
			);
			sourceTree = "<group>";
		};
		CF5249751C894F09004DAB0E /* Products */ = {
			isa = PBXGroup;
			children = (
				CF5249741C894F09004DAB0E /* Codepath-Week5-Assignment.app */,
				CF5249881C894F0A004DAB0E /* Codepath-Week5-AssignmentTests.xctest */,
				CF5249931C894F0A004DAB0E /* Codepath-Week5-AssignmentUITests.xctest */,
			);
			name = Products;
			sourceTree = "<group>";
		};
		CF5249761C894F09004DAB0E /* Codepath-Week5-Assignment */ = {
			isa = PBXGroup;
			children = (
				CF5249771C894F09004DAB0E /* AppDelegate.swift */,
				CF5249791C894F09004DAB0E /* ViewController.swift */,
				CF52497B1C894F09004DAB0E /* Main.storyboard */,
				CF52497E1C894F09004DAB0E /* Assets.xcassets */,
				CF5249801C894F09004DAB0E /* LaunchScreen.storyboard */,
				CF5249831C894F09004DAB0E /* Info.plist */,
			);
			path = "Codepath-Week5-Assignment";
			sourceTree = "<group>";
		};
		CF52498B1C894F0A004DAB0E /* Codepath-Week5-AssignmentTests */ = {
			isa = PBXGroup;
			children = (
				CF52498C1C894F0A004DAB0E /* Codepath_Week5_AssignmentTests.swift */,
				CF52498E1C894F0A004DAB0E /* Info.plist */,
			);
			path = "Codepath-Week5-AssignmentTests";
			sourceTree = "<group>";
		};
		CF5249961C894F0A004DAB0E /* Codepath-Week5-AssignmentUITests */ = {
			isa = PBXGroup;
			children = (
				CF5249971C894F0A004DAB0E /* Codepath_Week5_AssignmentUITests.swift */,
				CF5249991C894F0A004DAB0E /* Info.plist */,
			);
			path = "Codepath-Week5-AssignmentUITests";
			sourceTree = "<group>";
		};
/* End PBXGroup section */

/* Begin PBXNativeTarget section */
		CF5249731C894F09004DAB0E /* Codepath-Week5-Assignment */ = {
			isa = PBXNativeTarget;
			buildConfigurationList = CF52499C1C894F0A004DAB0E /* Build configuration list for PBXNativeTarget "Codepath-Week5-Assignment" */;
			buildPhases = (
				CF5249701C894F09004DAB0E /* Sources */,
				CF5249711C894F09004DAB0E /* Frameworks */,
				CF5249721C894F09004DAB0E /* Resources */,
			);
			buildRules = (
			);
			dependencies = (
			);
			name = "Codepath-Week5-Assignment";
			productName = "Codepath-Week5-Assignment";
			productReference = CF5249741C894F09004DAB0E /* Codepath-Week5-Assignment.app */;
			productType = "com.apple.product-type.application";
		};
		CF5249871C894F0A004DAB0E /* Codepath-Week5-AssignmentTests */ = {
			isa = PBXNativeTarget;
			buildConfigurationList = CF52499F1C894F0A004DAB0E /* Build configuration list for PBXNativeTarget "Codepath-Week5-AssignmentTests" */;
			buildPhases = (
				CF5249841C894F0A004DAB0E /* Sources */,
				CF5249851C894F0A004DAB0E /* Frameworks */,
				CF5249861C894F0A004DAB0E /* Resources */,
			);
			buildRules = (
			);
			dependencies = (
				CF52498A1C894F0A004DAB0E /* PBXTargetDependency */,
			);
			name = "Codepath-Week5-AssignmentTests";
			productName = "Codepath-Week5-AssignmentTests";
			productReference = CF5249881C894F0A004DAB0E /* Codepath-Week5-AssignmentTests.xctest */;
			productType = "com.apple.product-type.bundle.unit-test";
		};
		CF5249921C894F0A004DAB0E /* Codepath-Week5-AssignmentUITests */ = {
			isa = PBXNativeTarget;
			buildConfigurationList = CF5249A21C894F0A004DAB0E /* Build configuration list for PBXNativeTarget "Codepath-Week5-AssignmentUITests" */;
			buildPhases = (
				CF52498F1C894F0A004DAB0E /* Sources */,
				CF5249901C894F0A004DAB0E /* Frameworks */,
				CF5249911C894F0A004DAB0E /* Resources */,
			);
			buildRules = (
			);
			dependencies = (
				CF5249951C894F0A004DAB0E /* PBXTargetDependency */,
			);
			name = "Codepath-Week5-AssignmentUITests";
			productName = "Codepath-Week5-AssignmentUITests";
			productReference = CF5249931C894F0A004DAB0E /* Codepath-Week5-AssignmentUITests.xctest */;
			productType = "com.apple.product-type.bundle.ui-testing";
		};
/* End PBXNativeTarget section */

/* Begin PBXProject section */
		CF52496C1C894F09004DAB0E /* Project object */ = {
			isa = PBXProject;
			attributes = {
				LastSwiftUpdateCheck = 0720;
				LastUpgradeCheck = 0720;
				ORGANIZATIONNAME = "Jeremie Lim";
				TargetAttributes = {
					CF5249731C894F09004DAB0E = {
						CreatedOnToolsVersion = 7.2.1;
					};
					CF5249871C894F0A004DAB0E = {
						CreatedOnToolsVersion = 7.2.1;
						TestTargetID = CF5249731C894F09004DAB0E;
					};
					CF5249921C894F0A004DAB0E = {
						CreatedOnToolsVersion = 7.2.1;
						TestTargetID = CF5249731C894F09004DAB0E;
					};
				};
			};
			buildConfigurationList = CF52496F1C894F09004DAB0E /* Build configuration list for PBXProject "Codepath-Week5-Assignment" */;
			compatibilityVersion = "Xcode 3.2";
			developmentRegion = English;
			hasScannedForEncodings = 0;
			knownRegions = (
				en,
				Base,
			);
			mainGroup = CF52496B1C894F09004DAB0E;
			productRefGroup = CF5249751C894F09004DAB0E /* Products */;
			projectDirPath = "";
			projectRoot = "";
			targets = (
				CF5249731C894F09004DAB0E /* Codepath-Week5-Assignment */,
				CF5249871C894F0A004DAB0E /* Codepath-Week5-AssignmentTests */,
				CF5249921C894F0A004DAB0E /* Codepath-Week5-AssignmentUITests */,
			);
		};
/* End PBXProject section */

/* Begin PBXResourcesBuildPhase section */
		CF5249721C894F09004DAB0E /* Resources */ = {
			isa = PBXResourcesBuildPhase;
			buildActionMask = 2147483647;
			files = (
				CF5249821C894F09004DAB0E /* LaunchScreen.storyboard in Resources */,
				CF52497F1C894F09004DAB0E /* Assets.xcassets in Resources */,
				CF52497D1C894F09004DAB0E /* Main.storyboard in Resources */,
			);
			runOnlyForDeploymentPostprocessing = 0;
		};
		CF5249861C894F0A004DAB0E /* Resources */ = {
			isa = PBXResourcesBuildPhase;
			buildActionMask = 2147483647;
			files = (
			);
			runOnlyForDeploymentPostprocessing = 0;
		};
		CF5249911C894F0A004DAB0E /* Resources */ = {
			isa = PBXResourcesBuildPhase;
			buildActionMask = 2147483647;
			files = (
			);
			runOnlyForDeploymentPostprocessing = 0;
		};
/* End PBXResourcesBuildPhase section */

/* Begin PBXSourcesBuildPhase section */
		CF5249701C894F09004DAB0E /* Sources */ = {
			isa = PBXSourcesBuildPhase;
			buildActionMask = 2147483647;
			files = (
				CF52497A1C894F09004DAB0E /* ViewController.swift in Sources */,
				CF5249781C894F09004DAB0E /* AppDelegate.swift in Sources */,
			);
			runOnlyForDeploymentPostprocessing = 0;
		};
		CF5249841C894F0A004DAB0E /* Sources */ = {
			isa = PBXSourcesBuildPhase;
			buildActionMask = 2147483647;
			files = (
				CF52498D1C894F0A004DAB0E /* Codepath_Week5_AssignmentTests.swift in Sources */,
			);
			runOnlyForDeploymentPostprocessing = 0;
		};
		CF52498F1C894F0A004DAB0E /* Sources */ = {
			isa = PBXSourcesBuildPhase;
			buildActionMask = 2147483647;
			files = (
				CF5249981C894F0A004DAB0E /* Codepath_Week5_AssignmentUITests.swift in Sources */,
			);
			runOnlyForDeploymentPostprocessing = 0;
		};
/* End PBXSourcesBuildPhase section */

/* Begin PBXTargetDependency section */
		CF52498A1C894F0A004DAB0E /* PBXTargetDependency */ = {
			isa = PBXTargetDependency;
			target = CF5249731C894F09004DAB0E /* Codepath-Week5-Assignment */;
			targetProxy = CF5249891C894F0A004DAB0E /* PBXContainerItemProxy */;
		};
		CF5249951C894F0A004DAB0E /* PBXTargetDependency */ = {
			isa = PBXTargetDependency;
			target = CF5249731C894F09004DAB0E /* Codepath-Week5-Assignment */;
			targetProxy = CF5249941C894F0A004DAB0E /* PBXContainerItemProxy */;
		};
/* End PBXTargetDependency section */

/* Begin PBXVariantGroup section */
		CF52497B1C894F09004DAB0E /* Main.storyboard */ = {
			isa = PBXVariantGroup;
			children = (
				CF52497C1C894F09004DAB0E /* Base */,
			);
			name = Main.storyboard;
			sourceTree = "<group>";
		};
		CF5249801C894F09004DAB0E /* LaunchScreen.storyboard */ = {
			isa = PBXVariantGroup;
			children = (
				CF5249811C894F09004DAB0E /* Base */,
			);
			name = LaunchScreen.storyboard;
			sourceTree = "<group>";
		};
/* End PBXVariantGroup section */

/* Begin XCBuildConfiguration section */
		CF52499A1C894F0A004DAB0E /* Debug */ = {
			isa = XCBuildConfiguration;
			buildSettings = {
				ALWAYS_SEARCH_USER_PATHS = NO;
				CLANG_CXX_LANGUAGE_STANDARD = "gnu++0x";
				CLANG_CXX_LIBRARY = "libc++";
				CLANG_ENABLE_MODULES = YES;
				CLANG_ENABLE_OBJC_ARC = YES;
				CLANG_WARN_BOOL_CONVERSION = YES;
				CLANG_WARN_CONSTANT_CONVERSION = YES;
				CLANG_WARN_DIRECT_OBJC_ISA_USAGE = YES_ERROR;
				CLANG_WARN_EMPTY_BODY = YES;
				CLANG_WARN_ENUM_CONVERSION = YES;
				CLANG_WARN_INT_CONVERSION = YES;
				CLANG_WARN_OBJC_ROOT_CLASS = YES_ERROR;
				CLANG_WARN_UNREACHABLE_CODE = YES;
				CLANG_WARN__DUPLICATE_METHOD_MATCH = YES;
				"CODE_SIGN_IDENTITY[sdk=iphoneos*]" = "iPhone Developer";
				COPY_PHASE_STRIP = NO;
				DEBUG_INFORMATION_FORMAT = dwarf;
				ENABLE_STRICT_OBJC_MSGSEND = YES;
				ENABLE_TESTABILITY = YES;
				GCC_C_LANGUAGE_STANDARD = gnu99;
				GCC_DYNAMIC_NO_PIC = NO;
				GCC_NO_COMMON_BLOCKS = YES;
				GCC_OPTIMIZATION_LEVEL = 0;
				GCC_PREPROCESSOR_DEFINITIONS = (
					"DEBUG=1",
					"$(inherited)",
				);
				GCC_WARN_64_TO_32_BIT_CONVERSION = YES;
				GCC_WARN_ABOUT_RETURN_TYPE = YES_ERROR;
				GCC_WARN_UNDECLARED_SELECTOR = YES;
				GCC_WARN_UNINITIALIZED_AUTOS = YES_AGGRESSIVE;
				GCC_WARN_UNUSED_FUNCTION = YES;
				GCC_WARN_UNUSED_VARIABLE = YES;
				IPHONEOS_DEPLOYMENT_TARGET = 9.2;
				MTL_ENABLE_DEBUG_INFO = YES;
				ONLY_ACTIVE_ARCH = YES;
				SDKROOT = iphoneos;
				SWIFT_OPTIMIZATION_LEVEL = "-Onone";
			};
			name = Debug;
		};
		CF52499B1C894F0A004DAB0E /* Release */ = {
			isa = XCBuildConfiguration;
			buildSettings = {
				ALWAYS_SEARCH_USER_PATHS = NO;
				CLANG_CXX_LANGUAGE_STANDARD = "gnu++0x";
				CLANG_CXX_LIBRARY = "libc++";
				CLANG_ENABLE_MODULES = YES;
				CLANG_ENABLE_OBJC_ARC = YES;
				CLANG_WARN_BOOL_CONVERSION = YES;
				CLANG_WARN_CONSTANT_CONVERSION = YES;
				CLANG_WARN_DIRECT_OBJC_ISA_USAGE = YES_ERROR;
				CLANG_WARN_EMPTY_BODY = YES;
				CLANG_WARN_ENUM_CONVERSION = YES;
				CLANG_WARN_INT_CONVERSION = YES;
				CLANG_WARN_OBJC_ROOT_CLASS = YES_ERROR;
				CLANG_WARN_UNREACHABLE_CODE = YES;
				CLANG_WARN__DUPLICATE_METHOD_MATCH = YES;
				"CODE_SIGN_IDENTITY[sdk=iphoneos*]" = "iPhone Developer";
				COPY_PHASE_STRIP = NO;
				DEBUG_INFORMATION_FORMAT = "dwarf-with-dsym";
				ENABLE_NS_ASSERTIONS = NO;
				ENABLE_STRICT_OBJC_MSGSEND = YES;
				GCC_C_LANGUAGE_STANDARD = gnu99;
				GCC_NO_COMMON_BLOCKS = YES;
				GCC_WARN_64_TO_32_BIT_CONVERSION = YES;
				GCC_WARN_ABOUT_RETURN_TYPE = YES_ERROR;
				GCC_WARN_UNDECLARED_SELECTOR = YES;
				GCC_WARN_UNINITIALIZED_AUTOS = YES_AGGRESSIVE;
				GCC_WARN_UNUSED_FUNCTION = YES;
				GCC_WARN_UNUSED_VARIABLE = YES;
				IPHONEOS_DEPLOYMENT_TARGET = 9.2;
				MTL_ENABLE_DEBUG_INFO = NO;
				SDKROOT = iphoneos;
				VALIDATE_PRODUCT = YES;
			};
			name = Release;
		};
		CF52499D1C894F0A004DAB0E /* Debug */ = {
			isa = XCBuildConfiguration;
			buildSettings = {
				ASSETCATALOG_COMPILER_APPICON_NAME = AppIcon;
				INFOPLIST_FILE = "Codepath-Week5-Assignment/Info.plist";
				LD_RUNPATH_SEARCH_PATHS = "$(inherited) @executable_path/Frameworks";
				PRODUCT_BUNDLE_IDENTIFIER = "jeremielim.Codepath-Week5-Assignment";
				PRODUCT_NAME = "$(TARGET_NAME)";
			};
			name = Debug;
		};
		CF52499E1C894F0A004DAB0E /* Release */ = {
			isa = XCBuildConfiguration;
			buildSettings = {
				ASSETCATALOG_COMPILER_APPICON_NAME = AppIcon;
				INFOPLIST_FILE = "Codepath-Week5-Assignment/Info.plist";
				LD_RUNPATH_SEARCH_PATHS = "$(inherited) @executable_path/Frameworks";
				PRODUCT_BUNDLE_IDENTIFIER = "jeremielim.Codepath-Week5-Assignment";
				PRODUCT_NAME = "$(TARGET_NAME)";
			};
			name = Release;
		};
		CF5249A01C894F0A004DAB0E /* Debug */ = {
			isa = XCBuildConfiguration;
			buildSettings = {
				BUNDLE_LOADER = "$(TEST_HOST)";
				INFOPLIST_FILE = "Codepath-Week5-AssignmentTests/Info.plist";
				LD_RUNPATH_SEARCH_PATHS = "$(inherited) @executable_path/Frameworks @loader_path/Frameworks";
				PRODUCT_BUNDLE_IDENTIFIER = "jeremielim.Codepath-Week5-AssignmentTests";
				PRODUCT_NAME = "$(TARGET_NAME)";
				TEST_HOST = "$(BUILT_PRODUCTS_DIR)/Codepath-Week5-Assignment.app/Codepath-Week5-Assignment";
			};
			name = Debug;
		};
		CF5249A11C894F0A004DAB0E /* Release */ = {
			isa = XCBuildConfiguration;
			buildSettings = {
				BUNDLE_LOADER = "$(TEST_HOST)";
				INFOPLIST_FILE = "Codepath-Week5-AssignmentTests/Info.plist";
				LD_RUNPATH_SEARCH_PATHS = "$(inherited) @executable_path/Frameworks @loader_path/Frameworks";
				PRODUCT_BUNDLE_IDENTIFIER = "jeremielim.Codepath-Week5-AssignmentTests";
				PRODUCT_NAME = "$(TARGET_NAME)";
				TEST_HOST = "$(BUILT_PRODUCTS_DIR)/Codepath-Week5-Assignment.app/Codepath-Week5-Assignment";
			};
			name = Release;
		};
		CF5249A31C894F0A004DAB0E /* Debug */ = {
			isa = XCBuildConfiguration;
			buildSettings = {
				INFOPLIST_FILE = "Codepath-Week5-AssignmentUITests/Info.plist";
				LD_RUNPATH_SEARCH_PATHS = "$(inherited) @executable_path/Frameworks @loader_path/Frameworks";
				PRODUCT_BUNDLE_IDENTIFIER = "jeremielim.Codepath-Week5-AssignmentUITests";
				PRODUCT_NAME = "$(TARGET_NAME)";
				TEST_TARGET_NAME = "Codepath-Week5-Assignment";
				USES_XCTRUNNER = YES;
			};
			name = Debug;
		};
		CF5249A41C894F0A004DAB0E /* Release */ = {
			isa = XCBuildConfiguration;
			buildSettings = {
				INFOPLIST_FILE = "Codepath-Week5-AssignmentUITests/Info.plist";
				LD_RUNPATH_SEARCH_PATHS = "$(inherited) @executable_path/Frameworks @loader_path/Frameworks";
				PRODUCT_BUNDLE_IDENTIFIER = "jeremielim.Codepath-Week5-AssignmentUITests";
				PRODUCT_NAME = "$(TARGET_NAME)";
				TEST_TARGET_NAME = "Codepath-Week5-Assignment";
				USES_XCTRUNNER = YES;
			};
			name = Release;
		};
/* End XCBuildConfiguration section */

/* Begin XCConfigurationList section */
		CF52496F1C894F09004DAB0E /* Build configuration list for PBXProject "Codepath-Week5-Assignment" */ = {
			isa = XCConfigurationList;
			buildConfigurations = (
				CF52499A1C894F0A004DAB0E /* Debug */,
				CF52499B1C894F0A004DAB0E /* Release */,
			);
			defaultConfigurationIsVisible = 0;
			defaultConfigurationName = Release;
		};
		CF52499C1C894F0A004DAB0E /* Build configuration list for PBXNativeTarget "Codepath-Week5-Assignment" */ = {
			isa = XCConfigurationList;
			buildConfigurations = (
				CF52499D1C894F0A004DAB0E /* Debug */,
				CF52499E1C894F0A004DAB0E /* Release */,
			);
			defaultConfigurationIsVisible = 0;
		};
		CF52499F1C894F0A004DAB0E /* Build configuration list for PBXNativeTarget "Codepath-Week5-AssignmentTests" */ = {
			isa = XCConfigurationList;
			buildConfigurations = (
				CF5249A01C894F0A004DAB0E /* Debug */,
				CF5249A11C894F0A004DAB0E /* Release */,
			);
			defaultConfigurationIsVisible = 0;
		};
		CF5249A21C894F0A004DAB0E /* Build configuration list for PBXNativeTarget "Codepath-Week5-AssignmentUITests" */ = {
			isa = XCConfigurationList;
			buildConfigurations = (
				CF5249A31C894F0A004DAB0E /* Debug */,
				CF5249A41C894F0A004DAB0E /* Release */,
			);
			defaultConfigurationIsVisible = 0;
		};
/* End XCConfigurationList section */
	};
	rootObject = CF52496C1C894F09004DAB0E /* Project object */;
}
